
Microsoft Visual Studio Solution File, Format Version 12.00
# Visual Studio 14
VisualStudioVersion = 14.0.23107.0
MinimumVisualStudioVersion = 10.0.40219.1
Project("{2150E333-8FDC-42A3-9474-1A3956D46DE8}") = "BLL", "BLL", "{1CDB7B0E-AC71-46AB-A943-F1D22F7EFA2F}"
EndProject
Project("{2150E333-8FDC-42A3-9474-1A3956D46DE8}") = "DAL", "DAL", "{000BCAB7-F866-4A48-B2F1-675EBA61EB0E}"
EndProject
Project("{2150E333-8FDC-42A3-9474-1A3956D46DE8}") = "Model", "Model", "{BC5B1A98-8403-4B64-BE08-70E247A658CD}"
EndProject
Project("{2150E333-8FDC-42A3-9474-1A3956D46DE8}") = "UI", "UI", "{053B9E80-F12C-4BEA-973F-E82E6B3B5738}"
EndProject
Project("{FAE04EC0-301F-11D3-BF4B-00C04F79EFBC}") = "Company.Model", "Company.Model\Company.Model.csproj", "{32E1A6C8-70D4-4E46-8266-2DB2548CAD16}"
EndProject
Project("{FAE04EC0-301F-11D3-BF4B-00C04F79EFBC}") = "Company", "Company\Company.csproj", "{2586F665-0C42-42A8-9832-B7DD15ED2FE4}"
EndProject
Project("{FAE04EC0-301F-11D3-BF4B-00C04F79EFBC}") = "Company.IDAL", "Company.IDAL\Company.IDAL.csproj", "{94D4BAAF-ECDC-4D3E-B39F-F64B0598AEC8}"
EndProject
Project("{FAE04EC0-301F-11D3-BF4B-00C04F79EFBC}") = "Company.DALContainer", "Company.DALContainer\Company.DALContainer.csproj", "{1B237478-D461-4972-AF3A-FADFAE74CC15}"
EndProject
Project("{FAE04EC0-301F-11D3-BF4B-00C04F79EFBC}") = "Company.DAL", "Company.DAL\Company.DAL.csproj", "{275AA4B6-9B08-4C55-A9A6-4E085B3D9E5F}"
EndProject
Global
	GlobalSection(SolutionConfigurationPlatforms) = preSolution
		Debug|Any CPU = Debug|Any CPU
		Release|Any CPU = Release|Any CPU
	EndGlobalSection
	GlobalSection(ProjectConfigurationPlatforms) = postSolution
		{32E1A6C8-70D4-4E46-8266-2DB2548CAD16}.Debug|Any CPU.ActiveCfg = Debug|Any CPU
		{32E1A6C8-70D4-4E46-8266-2DB2548CAD16}.Debug|Any CPU.Build.0 = Debug|Any CPU
		{32E1A6C8-70D4-4E46-8266-2DB2548CAD16}.Release|Any CPU.ActiveCfg = Release|Any CPU
		{32E1A6C8-70D4-4E46-8266-2DB2548CAD16}.Release|Any CPU.Build.0 = Release|Any CPU
		{2586F665-0C42-42A8-9832-B7DD15ED2FE4}.Debug|Any CPU.ActiveCfg = Debug|Any CPU
		{2586F665-0C42-42A8-9832-B7DD15ED2FE4}.Debug|Any CPU.Build.0 = Debug|Any CPU
		{2586F665-0C42-42A8-9832-B7DD15ED2FE4}.Release|Any CPU.ActiveCfg = Release|Any CPU
		{2586F665-0C42-42A8-9832-B7DD15ED2FE4}.Release|Any CPU.Build.0 = Release|Any CPU
		{94D4BAAF-ECDC-4D3E-B39F-F64B0598AEC8}.Debug|Any CPU.ActiveCfg = Debug|Any CPU
		{94D4BAAF-ECDC-4D3E-B39F-F64B0598AEC8}.Debug|Any CPU.Build.0 = Debug|Any CPU
		{94D4BAAF-ECDC-4D3E-B39F-F64B0598AEC8}.Release|Any CPU.ActiveCfg = Release|Any CPU
		{94D4BAAF-ECDC-4D3E-B39F-F64B0598AEC8}.Release|Any CPU.Build.0 = Release|Any CPU
		{1B237478-D461-4972-AF3A-FADFAE74CC15}.Debug|Any CPU.ActiveCfg = Debug|Any CPU
		{1B237478-D461-4972-AF3A-FADFAE74CC15}.Debug|Any CPU.Build.0 = Debug|Any CPU
		{1B237478-D461-4972-AF3A-FADFAE74CC15}.Release|Any CPU.ActiveCfg = Release|Any CPU
		{1B237478-D461-4972-AF3A-FADFAE74CC15}.Release|Any CPU.Build.0 = Release|Any CPU
		{275AA4B6-9B08-4C55-A9A6-4E085B3D9E5F}.Debug|Any CPU.ActiveCfg = Debug|Any CPU
		{275AA4B6-9B08-4C55-A9A6-4E085B3D9E5F}.Debug|Any CPU.Build.0 = Debug|Any CPU
		{275AA4B6-9B08-4C55-A9A6-4E085B3D9E5F}.Release|Any CPU.ActiveCfg = Release|Any CPU
		{275AA4B6-9B08-4C55-A9A6-4E085B3D9E5F}.Release|Any CPU.Build.0 = Release|Any CPU
	EndGlobalSection
	GlobalSection(SolutionProperties) = preSolution
		HideSolutionNode = FALSE
	EndGlobalSection
	GlobalSection(NestedProjects) = preSolution
		{32E1A6C8-70D4-4E46-8266-2DB2548CAD16} = {BC5B1A98-8403-4B64-BE08-70E247A658CD}
		{2586F665-0C42-42A8-9832-B7DD15ED2FE4} = {053B9E80-F12C-4BEA-973F-E82E6B3B5738}
		{94D4BAAF-ECDC-4D3E-B39F-F64B0598AEC8} = {000BCAB7-F866-4A48-B2F1-675EBA61EB0E}
		{1B237478-D461-4972-AF3A-FADFAE74CC15} = {000BCAB7-F866-4A48-B2F1-675EBA61EB0E}
		{275AA4B6-9B08-4C55-A9A6-4E085B3D9E5F} = {000BCAB7-F866-4A48-B2F1-675EBA61EB0E}
	EndGlobalSection
EndGlobal
